{
  "name": "Bangla_Document_Converter",
  "lockfileVersion": 3,
  "requires": true,
  "packages": {
    "": {
      "dependencies": {
        "bijoy-unicode-converter": "^0.1.2"
      }
    },
    "node_modules/bijoy-unicode-converter": {
      "version": "0.1.2",
      "resolved": "https://registry.npmjs.org/bijoy-unicode-converter/-/bijoy-unicode-converter-0.1.2.tgz",
      "integrity": "sha512-MdTAAuzwHbrn4lynvrWx2/C5ulurRR3ES6zgXLTygC/CHpiBrNXU9WOh1+yabcaEW+I4dOjHpX7/wnh/M2Zi6w==",
      "license": "MIT"
    }
  }
}
